
Microsoft Visual Studio Solution File, Format Version 12.00
# Visual Studio Version 16
VisualStudioVersion = 16.0.30907.101
MinimumVisualStudioVersion = 10.0.40219.1
Project("{FAE04EC0-301F-11D3-BF4B-00C04F79EFBC}") = "OvningNr2", "OvningNr2\OvningNr2.csproj", "{509F488E-42AD-4C6A-82A5-64C399F80C1E}"
EndProject
Global
	GlobalSection(SolutionConfigurationPlatforms) = preSolution
		Debug|Any CPU = Debug|Any CPU
		Release|Any CPU = Release|Any CPU
	EndGlobalSection
	GlobalSection(ProjectConfigurationPlatforms) = postSolution
		{509F488E-42AD-4C6A-82A5-64C399F80C1E}.Debug|Any CPU.ActiveCfg = Debug|Any CPU
		{509F488E-42AD-4C6A-82A5-64C399F80C1E}.Debug|Any CPU.Build.0 = Debug|Any CPU
		{509F488E-42AD-4C6A-82A5-64C399F80C1E}.Release|Any CPU.ActiveCfg = Release|Any CPU
		{509F488E-42AD-4C6A-82A5-64C399F80C1E}.Release|Any CPU.Build.0 = Release|Any CPU
	EndGlobalSection
	GlobalSection(SolutionProperties) = preSolution
		HideSolutionNode = FALSE
	EndGlobalSection
	GlobalSection(ExtensibilityGlobals) = postSolution
		SolutionGuid = {B0731926-7B6D-46E0-8982-AB7D8BAFDE50}
	EndGlobalSection
EndGlobal
